
Microsoft Visual Studio Solution File, Format Version 12.00
# Visual Studio Version 17
VisualStudioVersion = 17.1.32414.318
MinimumVisualStudioVersion = 10.0.40219.1
Project("{FAE04EC0-301F-11D3-BF4B-00C04F79EFBC}") = "CalendarioMaker", "CalendarioMaker\CalendarioMaker.csproj", "{57866546-F159-40B8-B15A-6BB95416FA24}"
EndProject
Global
	GlobalSection(SolutionConfigurationPlatforms) = preSolution
		Debug|Any CPU = Debug|Any CPU
		Release|Any CPU = Release|Any CPU
	EndGlobalSection
	GlobalSection(ProjectConfigurationPlatforms) = postSolution
		{57866546-F159-40B8-B15A-6BB95416FA24}.Debug|Any CPU.ActiveCfg = Debug|Any CPU
		{57866546-F159-40B8-B15A-6BB95416FA24}.Debug|Any CPU.Build.0 = Debug|Any CPU
		{57866546-F159-40B8-B15A-6BB95416FA24}.Release|Any CPU.ActiveCfg = Release|Any CPU
		{57866546-F159-40B8-B15A-6BB95416FA24}.Release|Any CPU.Build.0 = Release|Any CPU
	EndGlobalSection
	GlobalSection(SolutionProperties) = preSolution
		HideSolutionNode = FALSE
	EndGlobalSection
	GlobalSection(ExtensibilityGlobals) = postSolution
		SolutionGuid = {B8BD53D4-D29B-4247-A769-BD61FEE90F3D}
	EndGlobalSection
EndGlobal
